
Microsoft Visual Studio Solution File, Format Version 12.00
# Visual Studio 15
VisualStudioVersion = 15.0.28307.421
MinimumVisualStudioVersion = 10.0.40219.1
Project("{FAE04EC0-301F-11D3-BF4B-00C04F79EFBC}") = "Autodesk2020", "Autodesk2020\Autodesk2020.csproj", "{28105AE1-A1CC-43AC-9EEA-28802E06A547}"
EndProject
Global
	GlobalSection(SolutionConfigurationPlatforms) = preSolution
		2020|Any CPU = 2020|Any CPU
		2021|Any CPU = 2021|Any CPU
		Debug|Any CPU = Debug|Any CPU
		Release|Any CPU = Release|Any CPU
	EndGlobalSection
	GlobalSection(ProjectConfigurationPlatforms) = postSolution
		{28105AE1-A1CC-43AC-9EEA-28802E06A547}.2020|Any CPU.ActiveCfg = 2020|Any CPU
		{28105AE1-A1CC-43AC-9EEA-28802E06A547}.2020|Any CPU.Build.0 = 2020|Any CPU
		{28105AE1-A1CC-43AC-9EEA-28802E06A547}.2021|Any CPU.ActiveCfg = 2021|Any CPU
		{28105AE1-A1CC-43AC-9EEA-28802E06A547}.2021|Any CPU.Build.0 = 2021|Any CPU
		{28105AE1-A1CC-43AC-9EEA-28802E06A547}.Debug|Any CPU.ActiveCfg = 2021|Any CPU
		{28105AE1-A1CC-43AC-9EEA-28802E06A547}.Debug|Any CPU.Build.0 = 2021|Any CPU
		{28105AE1-A1CC-43AC-9EEA-28802E06A547}.Release|Any CPU.ActiveCfg = 2021|Any CPU
		{28105AE1-A1CC-43AC-9EEA-28802E06A547}.Release|Any CPU.Build.0 = 2021|Any CPU
	EndGlobalSection
	GlobalSection(SolutionProperties) = preSolution
		HideSolutionNode = FALSE
	EndGlobalSection
	GlobalSection(ExtensibilityGlobals) = postSolution
		SolutionGuid = {5306DE56-C976-4C43-BD50-CC8B13BD12CF}
	EndGlobalSection
EndGlobal
